
Microsoft Visual Studio Solution File, Format Version 12.00
# Visual Studio 15
VisualStudioVersion = 15.0.26730.16
MinimumVisualStudioVersion = 10.0.40219.1
Project("{E24C65DC-7377-472B-9ABA-BC803B73C61A}") = "Sistema Consultório Médico PRIII", ".", "{F0AD788C-116A-4F83-B8E0-CB80596E4B81}"
	ProjectSection(WebsiteProperties) = preProject
		TargetFrameworkMoniker = ".NETFramework,Version%3Dv4.5.2"
		Debug.AspNetCompiler.VirtualPath = "/localhost_4411"
		Debug.AspNetCompiler.PhysicalPath = "..\Sistema Consultório Médico PRIII\"
		Debug.AspNetCompiler.TargetPath = "PrecompiledWeb\localhost_4411\"
		Debug.AspNetCompiler.Updateable = "true"
		Debug.AspNetCompiler.ForceOverwrite = "true"
		Debug.AspNetCompiler.FixedNames = "false"
		Debug.AspNetCompiler.Debug = "True"
		Release.AspNetCompiler.VirtualPath = "/localhost_4411"
		Release.AspNetCompiler.PhysicalPath = "..\Sistema Consultório Médico PRIII\"
		Release.AspNetCompiler.TargetPath = "PrecompiledWeb\localhost_4411\"
		Release.AspNetCompiler.Updateable = "true"
		Release.AspNetCompiler.ForceOverwrite = "true"
		Release.AspNetCompiler.FixedNames = "false"
		Release.AspNetCompiler.Debug = "False"
		VWDPort = "4411"
		SlnRelativePath = "..\Sistema Consultório Médico PRIII\"
	EndProjectSection
EndProject
Global
	GlobalSection(SolutionConfigurationPlatforms) = preSolution
		Debug|Any CPU = Debug|Any CPU
	EndGlobalSection
	GlobalSection(ProjectConfigurationPlatforms) = postSolution
		{F0AD788C-116A-4F83-B8E0-CB80596E4B81}.Debug|Any CPU.ActiveCfg = Debug|Any CPU
		{F0AD788C-116A-4F83-B8E0-CB80596E4B81}.Debug|Any CPU.Build.0 = Debug|Any CPU
	EndGlobalSection
	GlobalSection(SolutionProperties) = preSolution
		HideSolutionNode = FALSE
	EndGlobalSection
	GlobalSection(ExtensibilityGlobals) = postSolution
		SolutionGuid = {9F38A37A-AC97-459D-BFD4-256A2819CC3F}
	EndGlobalSection
EndGlobal
